
Microsoft Visual Studio Solution File, Format Version 12.00
# Visual Studio Version 17
VisualStudioVersion = 17.12.35527.113
MinimumVisualStudioVersion = 10.0.40219.1
Project("{8BC9CEB8-8B4A-11D0-8D11-00A0C91BC942}") = "Nazel", "Nazel\Nazel.vcxproj", "{AA51D59D-B31C-417B-A472-72056E8B19D3}"
EndProject
Project("{8BC9CEB8-8B4A-11D0-8D11-00A0C91BC942}") = "Sandbox", "Sandbox\Sandbox.vcxproj", "{0AAA2174-5CD7-4FB1-BCEA-6E1B14B6E231}"
EndProject
Global
	GlobalSection(SolutionConfigurationPlatforms) = preSolution
		Debug|x64 = Debug|x64
		Release|x64 = Release|x64
	EndGlobalSection
	GlobalSection(ProjectConfigurationPlatforms) = postSolution
		{AA51D59D-B31C-417B-A472-72056E8B19D3}.Debug|x64.ActiveCfg = Debug|x64
		{AA51D59D-B31C-417B-A472-72056E8B19D3}.Debug|x64.Build.0 = Debug|x64
		{AA51D59D-B31C-417B-A472-72056E8B19D3}.Release|x64.ActiveCfg = Release|x64
		{AA51D59D-B31C-417B-A472-72056E8B19D3}.Release|x64.Build.0 = Release|x64
		{0AAA2174-5CD7-4FB1-BCEA-6E1B14B6E231}.Debug|x64.ActiveCfg = Debug|x64
		{0AAA2174-5CD7-4FB1-BCEA-6E1B14B6E231}.Debug|x64.Build.0 = Debug|x64
		{0AAA2174-5CD7-4FB1-BCEA-6E1B14B6E231}.Release|x64.ActiveCfg = Release|x64
		{0AAA2174-5CD7-4FB1-BCEA-6E1B14B6E231}.Release|x64.Build.0 = Release|x64
	EndGlobalSection
	GlobalSection(SolutionProperties) = preSolution
		HideSolutionNode = FALSE
	EndGlobalSection
EndGlobal
