<?xml version="1.0" encoding="utf-8"?>
<Project ToolsVersion="4.0" xmlns="http://schemas.microsoft.com/developer/msbuild/2003">
  <ItemGroup>
    <Filter Include="Nazel">
      <UniqueIdentifier>{9FBCB90D-0BD1-E1BE-D452-851E4026DEEF}</UniqueIdentifier>
    </Filter>
    <Filter Include="Nazel\Events">
      <UniqueIdentifier>{A31F4724-8F82-D6C8-3808-0F7F244AA24B}</UniqueIdentifier>
    </Filter>
    <Filter Include="Nazel\imgui">
      <UniqueIdentifier>{4985CEBD-B53A-47B3-3E2F-418AAAE33DB7}</UniqueIdentifier>
    </Filter>
    <Filter Include="Platform">
      <UniqueIdentifier>{2AC788B4-1694-E3BF-3FAD-D1672BD9184E}</UniqueIdentifier>
    </Filter>
    <Filter Include="Platform\Windows">
      <UniqueIdentifier>{64FBD71A-50F4-F66C-7926-DCF1657ED678}</UniqueIdentifier>
    </Filter>
  </ItemGroup>
  <ItemGroup>
    <ClInclude Include="src\Nazel.h" />
    <ClInclude Include="src\Nazel\Application.h">
      <Filter>Nazel</Filter>
    </ClInclude>
    <ClInclude Include="src\Nazel\Core.h">
      <Filter>Nazel</Filter>
    </ClInclude>
    <ClInclude Include="src\Nazel\EntryPoint.h">
      <Filter>Nazel</Filter>
    </ClInclude>
    <ClInclude Include="src\Nazel\Events\ApplicationEvent.h">
      <Filter>Nazel\Events</Filter>
    </ClInclude>
    <ClInclude Include="src\Nazel\Events\Event.h">
      <Filter>Nazel\Events</Filter>
    </ClInclude>
    <ClInclude Include="src\Nazel\Events\KeyEvent.h">
      <Filter>Nazel\Events</Filter>
    </ClInclude>
    <ClInclude Include="src\Nazel\Events\MouseEvent.h">
      <Filter>Nazel\Events</Filter>
    </ClInclude>
    <ClInclude Include="src\Nazel\Input.h">
      <Filter>Nazel</Filter>
    </ClInclude>
    <ClInclude Include="src\Nazel\KeyCodes.h">
      <Filter>Nazel</Filter>
    </ClInclude>
    <ClInclude Include="src\Nazel\Layer.h">
      <Filter>Nazel</Filter>
    </ClInclude>
    <ClInclude Include="src\Nazel\LayerStack.h">
      <Filter>Nazel</Filter>
    </ClInclude>
    <ClInclude Include="src\Nazel\Log.h">
      <Filter>Nazel</Filter>
    </ClInclude>
    <ClInclude Include="src\Nazel\MouseButtonCodes.h">
      <Filter>Nazel</Filter>
    </ClInclude>
    <ClInclude Include="src\Nazel\Window.h">
      <Filter>Nazel</Filter>
    </ClInclude>
    <ClInclude Include="src\Nazel\imgui\ImguiLayer.h">
      <Filter>Nazel\imgui</Filter>
    </ClInclude>
    <ClInclude Include="src\Platform\Windows\WindowsInput.h">
      <Filter>Platform\Windows</Filter>
    </ClInclude>
    <ClInclude Include="src\Platform\Windows\WindowsWindow.h">
      <Filter>Platform\Windows</Filter>
    </ClInclude>
    <ClInclude Include="src\pch.h" />
    <ClInclude Include="src\Platform\OpenGL\OpenGLContext.h" />
    <ClInclude Include="src\Nazel\RenderAPI\GraphicsContext.h" />
    <ClInclude Include="src\Nazel\RenderAPI\Shader.h" />
    <ClInclude Include="src\Nazel\RenderAPI\Renderer.h" />
    <ClInclude Include="src\Nazel\RenderAPI\Buffer.h" />
    <ClInclude Include="src\Platform\OpenGL\OpenGLBuffer.h" />
    <ClInclude Include="src\Nazel\RenderAPI\VertexArray.h" />
    <ClInclude Include="src\Platform\OpenGL\OpenGLVertexArray.h" />
  </ItemGroup>
  <ItemGroup>
    <ClCompile Include="src\Nazel\Application.cpp">
      <Filter>Nazel</Filter>
    </ClCompile>
    <ClCompile Include="src\Nazel\Layer.cpp">
      <Filter>Nazel</Filter>
    </ClCompile>
    <ClCompile Include="src\Nazel\LayerStack.cpp">
      <Filter>Nazel</Filter>
    </ClCompile>
    <ClCompile Include="src\Nazel\Log.cpp">
      <Filter>Nazel</Filter>
    </ClCompile>
    <ClCompile Include="src\Nazel\imgui\ImGuiBuild.cpp">
      <Filter>Nazel\imgui</Filter>
    </ClCompile>
    <ClCompile Include="src\Nazel\imgui\ImguiLayer.cpp">
      <Filter>Nazel\imgui</Filter>
    </ClCompile>
    <ClCompile Include="src\Platform\Windows\WindowsInput.cpp">
      <Filter>Platform\Windows</Filter>
    </ClCompile>
    <ClCompile Include="src\Platform\Windows\WindowsWindow.cpp">
      <Filter>Platform\Windows</Filter>
    </ClCompile>
    <ClCompile Include="src\pch.cpp" />
    <ClCompile Include="src\Platform\OpenGL\OpenGLContext.cpp" />
    <ClCompile Include="src\Nazel\RenderAPI\Shader.cpp" />
    <ClCompile Include="src\Nazel\RenderAPI\Renderer.cpp" />
    <ClCompile Include="src\Nazel\RenderAPI\Buffer.cpp" />
    <ClCompile Include="src\Platform\OpenGL\OpenGLBuffer.cpp" />
    <ClCompile Include="src\Nazel\RenderAPI\VertexArray.cpp" />
    <ClCompile Include="src\Platform\OpenGL\OpenGLVertexArray.cpp" />
  </ItemGroup>
</Project>